
Microsoft Visual Studio Solution File, Format Version 12.00
# Visual Studio Version 17
VisualStudioVersion = 17.8.34316.72
MinimumVisualStudioVersion = 10.0.40219.1
Project("{FAE04EC0-301F-11D3-BF4B-00C04F79EFBC}") = "CsharpRM", "CsharpRM\CsharpRM.csproj", "{C6B298D5-1E20-4FD4-94F4-D337E147FAD8}"
EndProject
Global
	GlobalSection(SolutionConfigurationPlatforms) = preSolution
		Debug|Any CPU = Debug|Any CPU
		Release|Any CPU = Release|Any CPU
	EndGlobalSection
	GlobalSection(ProjectConfigurationPlatforms) = postSolution
		{C6B298D5-1E20-4FD4-94F4-D337E147FAD8}.Debug|Any CPU.ActiveCfg = Debug|Any CPU
		{C6B298D5-1E20-4FD4-94F4-D337E147FAD8}.Debug|Any CPU.Build.0 = Debug|Any CPU
		{C6B298D5-1E20-4FD4-94F4-D337E147FAD8}.Release|Any CPU.ActiveCfg = Release|Any CPU
		{C6B298D5-1E20-4FD4-94F4-D337E147FAD8}.Release|Any CPU.Build.0 = Release|Any CPU
	EndGlobalSection
	GlobalSection(SolutionProperties) = preSolution
		HideSolutionNode = FALSE
	EndGlobalSection
	GlobalSection(ExtensibilityGlobals) = postSolution
		SolutionGuid = {57E04A72-D144-4B70-8879-11C99C2EFCBD}
	EndGlobalSection
EndGlobal
